<?xml version="1.0" encoding="utf-8"?>
<Project ToolsVersion="4.0" xmlns="http://schemas.microsoft.com/developer/msbuild/2003">
  <ItemGroup>
    <Filter Include="Source Files">
      <UniqueIdentifier>{4FC737F1-C7A5-4376-A066-2A32D752A2FF}</UniqueIdentifier>
      <Extensions>cpp;c;cc;cxx;c++;cppm;ixx;def;odl;idl;hpj;bat;asm;asmx</Extensions>
    </Filter>
    <Filter Include="Header Files">
      <UniqueIdentifier>{93995380-89BD-4b04-88EB-625FBE52EBFB}</UniqueIdentifier>
      <Extensions>h;hh;hpp;hxx;h++;hm;inl;inc;ipp;xsd</Extensions>
    </Filter>
    <Filter Include="thirdParty">
      <UniqueIdentifier>{f3292f31-f3fd-4267-a415-d4acdf323f99}</UniqueIdentifier>
    </Filter>
  </ItemGroup>
  <ItemGroup>
    <ClCompile Include="source\main.cpp">
      <Filter>Source Files</Filter>
    </ClCompile>
    <ClCompile Include="source\vulkanContextLegacy.cpp">
      <Filter>Source Files</Filter>
    </ClCompile>
    <ClCompile Include="source\utility.cpp">
      <Filter>Source Files</Filter>
    </ClCompile>
    <ClCompile Include="source\vkhBuffer.cpp">
      <Filter>Source Files</Filter>
    </ClCompile>
    <ClCompile Include="source\vkhInstance.cpp">
      <Filter>Source Files</Filter>
    </ClCompile>
    <ClCompile Include="source\vkhDeviceContext.cpp">
      <Filter>Source Files</Filter>
    </ClCompile>
    <ClCompile Include="source\vulkanContext.cpp">
      <Filter>Source Files</Filter>
    </ClCompile>
    <ClCompile Include="source\vkhImage.cpp">
      <Filter>Source Files</Filter>
    </ClCompile>
    <ClCompile Include="source\vkhSwapchain.cpp">
      <Filter>Source Files</Filter>
    </ClCompile>
    <ClCompile Include="source\vkhCommandBuffers.cpp">
      <Filter>Source Files</Filter>
    </ClCompile>
    <ClCompile Include="source\vkhShader.cpp">
      <Filter>Source Files</Filter>
    </ClCompile>
    <ClCompile Include="source\vkhGraphicsPipeline.cpp">
      <Filter>Source Files</Filter>
    </ClCompile>
    <ClCompile Include="source\vkhUtility.cpp">
      <Filter>Source Files</Filter>
    </ClCompile>
    <ClCompile Include="source\thirdParty\SPIRV-Reflect\spirv_reflect.c">
      <Filter>thirdParty</Filter>
    </ClCompile>
    <ClCompile Include="source\vma.cpp">
      <Filter>thirdParty</Filter>
    </ClCompile>
    <ClCompile Include="source\thirdParty\tiny\tiny_obj_loader.cpp">
      <Filter>thirdParty</Filter>
    </ClCompile>
    <ClCompile Include="source\mesh.cpp">
      <Filter>Source Files</Filter>
    </ClCompile>
    <ClCompile Include="source\thirdParty\imgui\imgui_draw.cpp">
      <Filter>thirdParty</Filter>
    </ClCompile>
    <ClCompile Include="source\thirdParty\imgui\imgui_impl_glfw.cpp">
      <Filter>thirdParty</Filter>
    </ClCompile>
    <ClCompile Include="source\thirdParty\imgui\imgui_impl_vulkan.cpp">
      <Filter>thirdParty</Filter>
    </ClCompile>
    <ClCompile Include="source\thirdParty\imgui\imgui_tables.cpp">
      <Filter>thirdParty</Filter>
    </ClCompile>
    <ClCompile Include="source\thirdParty\imgui\imgui_widgets.cpp">
      <Filter>thirdParty</Filter>
    </ClCompile>
    <ClCompile Include="source\thirdParty\imgui\imgui.cpp">
      <Filter>thirdParty</Filter>
    </ClCompile>
    <ClCompile Include="source\thirdParty\imgui\imgui_demo.cpp">
      <Filter>thirdParty</Filter>
    </ClCompile>
    <ClCompile Include="source\vkhDescriptorSetLayout.cpp">
      <Filter>Source Files</Filter>
    </ClCompile>
    <ClCompile Include="source\Material.cpp">
      <Filter>Source Files</Filter>
    </ClCompile>
  </ItemGroup>
  <ItemGroup>
    <ClInclude Include="source\ice.hpp">
      <Filter>Header Files</Filter>
    </ClInclude>
    <ClInclude Include="source\vulkanContextLegacy.hpp">
      <Filter>Header Files</Filter>
    </ClInclude>
    <ClInclude Include="source\utility.hpp">
      <Filter>Header Files</Filter>
    </ClInclude>
    <ClInclude Include="source\vkhBuffer.hpp">
      <Filter>Header Files</Filter>
    </ClInclude>
    <ClInclude Include="source\vkhDeviceContext.hpp">
      <Filter>Header Files</Filter>
    </ClInclude>
    <ClInclude Include="source\vkhInstance.hpp">
      <Filter>Header Files</Filter>
    </ClInclude>
    <ClInclude Include="source\vulkanContext.hpp">
      <Filter>Header Files</Filter>
    </ClInclude>
    <ClInclude Include="source\vkhImage.hpp">
      <Filter>Header Files</Filter>
    </ClInclude>
    <ClInclude Include="source\vkhSwapchain.hpp">
      <Filter>Header Files</Filter>
    </ClInclude>
    <ClInclude Include="source\vkhCommandBuffers.hpp">
      <Filter>Header Files</Filter>
    </ClInclude>
    <ClInclude Include="source\vkhShader.hpp">
      <Filter>Header Files</Filter>
    </ClInclude>
    <ClInclude Include="source\vkhGraphicsPipeline.hpp">
      <Filter>Header Files</Filter>
    </ClInclude>
    <ClInclude Include="source\vkhUtility.hpp">
      <Filter>Header Files</Filter>
    </ClInclude>
    <ClInclude Include="source\mesh.hpp">
      <Filter>Header Files</Filter>
    </ClInclude>
    <ClInclude Include="source\vkhDescriptorSetLayout.hpp">
      <Filter>Header Files</Filter>
    </ClInclude>
    <ClInclude Include="source\Material.hpp">
      <Filter>Header Files</Filter>
    </ClInclude>
    <ClInclude Include="source\vkhTexture.hpp">
      <Filter>Header Files</Filter>
    </ClInclude>
  </ItemGroup>
</Project>